
Microsoft Visual Studio Solution File, Format Version 12.00
# Visual Studio 15
VisualStudioVersion = 15.0.27130.2036
MinimumVisualStudioVersion = 10.0.40219.1
Project("{FAE04EC0-301F-11D3-BF4B-00C04F79EFBC}") = "AmSpaceTools", "AmSpaceTools\AmSpaceTools.csproj", "{A8BEB032-FFBF-47B6-A719-CCC8FA093B70}"
EndProject
Project("{FAE04EC0-301F-11D3-BF4B-00C04F79EFBC}") = "AmSpaceClient", "AmSpaceClient\AmSpaceClient.csproj", "{2EBE6313-6229-436D-A30E-EFEBAAC79DAD}"
EndProject
Project("{FAE04EC0-301F-11D3-BF4B-00C04F79EFBC}") = "AmSpaceModels", "AmSpaceModels\AmSpaceModels.csproj", "{5C08369F-DD2D-4A5B-936D-6815B607DFB7}"
EndProject
Project("{FAE04EC0-301F-11D3-BF4B-00C04F79EFBC}") = "ExcelWorker", "ExcelWorker\ExcelWorker.csproj", "{EBE6D9BA-8E09-4216-8663-84AF37F661FE}"
EndProject
Project("{FAE04EC0-301F-11D3-BF4B-00C04F79EFBC}") = "AmspaceClientUnitTests", "AmspaceClientUnitTests\AmspaceClientUnitTests.csproj", "{8DE7A1D2-38E6-4557-A148-DABE64AC9192}"
EndProject
Project("{FAE04EC0-301F-11D3-BF4B-00C04F79EFBC}") = "ExcelWorkerTests", "ExcelWorkerTests\ExcelWorkerTests.csproj", "{990D3DD5-2EB3-4B26-989E-34E8FF582B11}"
EndProject
Global
	GlobalSection(SolutionConfigurationPlatforms) = preSolution
		Debug|Any CPU = Debug|Any CPU
		Release|Any CPU = Release|Any CPU
	EndGlobalSection
	GlobalSection(ProjectConfigurationPlatforms) = postSolution
		{A8BEB032-FFBF-47B6-A719-CCC8FA093B70}.Debug|Any CPU.ActiveCfg = Debug|Any CPU
		{A8BEB032-FFBF-47B6-A719-CCC8FA093B70}.Debug|Any CPU.Build.0 = Debug|Any CPU
		{A8BEB032-FFBF-47B6-A719-CCC8FA093B70}.Release|Any CPU.ActiveCfg = Release|Any CPU
		{A8BEB032-FFBF-47B6-A719-CCC8FA093B70}.Release|Any CPU.Build.0 = Release|Any CPU
		{2EBE6313-6229-436D-A30E-EFEBAAC79DAD}.Debug|Any CPU.ActiveCfg = Debug|Any CPU
		{2EBE6313-6229-436D-A30E-EFEBAAC79DAD}.Debug|Any CPU.Build.0 = Debug|Any CPU
		{2EBE6313-6229-436D-A30E-EFEBAAC79DAD}.Release|Any CPU.ActiveCfg = Release|Any CPU
		{2EBE6313-6229-436D-A30E-EFEBAAC79DAD}.Release|Any CPU.Build.0 = Release|Any CPU
		{5C08369F-DD2D-4A5B-936D-6815B607DFB7}.Debug|Any CPU.ActiveCfg = Debug|Any CPU
		{5C08369F-DD2D-4A5B-936D-6815B607DFB7}.Debug|Any CPU.Build.0 = Debug|Any CPU
		{5C08369F-DD2D-4A5B-936D-6815B607DFB7}.Release|Any CPU.ActiveCfg = Release|Any CPU
		{5C08369F-DD2D-4A5B-936D-6815B607DFB7}.Release|Any CPU.Build.0 = Release|Any CPU
		{EBE6D9BA-8E09-4216-8663-84AF37F661FE}.Debug|Any CPU.ActiveCfg = Debug|Any CPU
		{EBE6D9BA-8E09-4216-8663-84AF37F661FE}.Debug|Any CPU.Build.0 = Debug|Any CPU
		{EBE6D9BA-8E09-4216-8663-84AF37F661FE}.Release|Any CPU.ActiveCfg = Release|Any CPU
		{EBE6D9BA-8E09-4216-8663-84AF37F661FE}.Release|Any CPU.Build.0 = Release|Any CPU
		{8DE7A1D2-38E6-4557-A148-DABE64AC9192}.Debug|Any CPU.ActiveCfg = Debug|Any CPU
		{8DE7A1D2-38E6-4557-A148-DABE64AC9192}.Debug|Any CPU.Build.0 = Debug|Any CPU
		{8DE7A1D2-38E6-4557-A148-DABE64AC9192}.Release|Any CPU.ActiveCfg = Release|Any CPU
		{8DE7A1D2-38E6-4557-A148-DABE64AC9192}.Release|Any CPU.Build.0 = Release|Any CPU
		{990D3DD5-2EB3-4B26-989E-34E8FF582B11}.Debug|Any CPU.ActiveCfg = Debug|Any CPU
		{990D3DD5-2EB3-4B26-989E-34E8FF582B11}.Debug|Any CPU.Build.0 = Debug|Any CPU
		{990D3DD5-2EB3-4B26-989E-34E8FF582B11}.Release|Any CPU.ActiveCfg = Release|Any CPU
		{990D3DD5-2EB3-4B26-989E-34E8FF582B11}.Release|Any CPU.Build.0 = Release|Any CPU
	EndGlobalSection
	GlobalSection(SolutionProperties) = preSolution
		HideSolutionNode = FALSE
	EndGlobalSection
	GlobalSection(ExtensibilityGlobals) = postSolution
		SolutionGuid = {155B6C50-A0FB-4218-B9C9-A6F9E5215778}
	EndGlobalSection
EndGlobal
